// !$*UTF8*$!
{
	archiveVersion = 1;
	classes = {
	};
	objectVersion = 51;
	objects = {

/* Begin PBXBuildFile section */
		1A002C2FFA9DFB12F8B8D51F /* Pods_EziParts_Task.framework in Frameworks */ = {isa = PBXBuildFile; fileRef = AA7BB5934F978334745E53DB /* Pods_EziParts_Task.framework */; };
		766B3E70251AEA9400182301 /* ReviewsViewController.swift in Sources */ = {isa = PBXBuildFile; fileRef = 766B3E6E251AEA9300182301 /* ReviewsViewController.swift */; };
		766B3E71251AEA9400182301 /* ReviewsViewController.xib in Resources */ = {isa = PBXBuildFile; fileRef = 766B3E6F251AEA9400182301 /* ReviewsViewController.xib */; };
		7678F1D3251481A600A1D9B2 /* SuppliersApiHandler.swift in Sources */ = {isa = PBXBuildFile; fileRef = 7678F1D2251481A600A1D9B2 /* SuppliersApiHandler.swift */; };
		7678F1D5251482E000A1D9B2 /* SuppliersModel.swift in Sources */ = {isa = PBXBuildFile; fileRef = 7678F1D4251482E000A1D9B2 /* SuppliersModel.swift */; };
		7678F1D72514890D00A1D9B2 /* HomeViewModel.swift in Sources */ = {isa = PBXBuildFile; fileRef = 7678F1D62514890D00A1D9B2 /* HomeViewModel.swift */; };
		7678F1DA2514921200A1D9B2 /* EmptyTableView.swift in Sources */ = {isa = PBXBuildFile; fileRef = 7678F1D92514921200A1D9B2 /* EmptyTableView.swift */; };
		767F8E6425144D8E001AF6A1 /* ShadowedButton.swift in Sources */ = {isa = PBXBuildFile; fileRef = 767F8E6325144D8E001AF6A1 /* ShadowedButton.swift */; };
		767F8E6625145437001AF6A1 /* ShadowedView.swift in Sources */ = {isa = PBXBuildFile; fileRef = 767F8E6525145437001AF6A1 /* ShadowedView.swift */; };
		76B4FB342515725A000EEE4F /* SupplierDetailsApiHandler.swift in Sources */ = {isa = PBXBuildFile; fileRef = 76B4FB332515725A000EEE4F /* SupplierDetailsApiHandler.swift */; };
		76B4FB362515732E000EEE4F /* SupplierDetailsModel.swift in Sources */ = {isa = PBXBuildFile; fileRef = 76B4FB352515732E000EEE4F /* SupplierDetailsModel.swift */; };
		76B4FB39251577E3000EEE4F /* InfoViewController.swift in Sources */ = {isa = PBXBuildFile; fileRef = 76B4FB37251577E3000EEE4F /* InfoViewController.swift */; };
		76B4FB3A251577E3000EEE4F /* InfoViewController.xib in Resources */ = {isa = PBXBuildFile; fileRef = 76B4FB38251577E3000EEE4F /* InfoViewController.xib */; };
		76B4FB4425158648000EEE4F /* ReviewCell.swift in Sources */ = {isa = PBXBuildFile; fileRef = 76B4FB4225158648000EEE4F /* ReviewCell.swift */; };
		76B4FB4525158648000EEE4F /* ReviewCell.xib in Resources */ = {isa = PBXBuildFile; fileRef = 76B4FB4325158648000EEE4F /* ReviewCell.xib */; };
		76B6FF4A25145DCB00BFEACD /* HomeCell.swift in Sources */ = {isa = PBXBuildFile; fileRef = 76B6FF4825145DCB00BFEACD /* HomeCell.swift */; };
		76B6FF4B25145DCB00BFEACD /* HomeCell.xib in Resources */ = {isa = PBXBuildFile; fileRef = 76B6FF4925145DCB00BFEACD /* HomeCell.xib */; };
		76C4C7B92515442B00788E98 /* Helping Methods.swift in Sources */ = {isa = PBXBuildFile; fileRef = 76C4C7B82515442B00788E98 /* Helping Methods.swift */; };
		76C4C7BB251546F600788E98 /* searchCategoryButton.swift in Sources */ = {isa = PBXBuildFile; fileRef = 76C4C7BA251546F600788E98 /* searchCategoryButton.swift */; };
		76C4C7BD25154C9A00788E98 /* Constants.swift in Sources */ = {isa = PBXBuildFile; fileRef = 76C4C7BC25154C9A00788E98 /* Constants.swift */; };
		76C4C7BF25154FE700788E98 /* Reachability.swift in Sources */ = {isa = PBXBuildFile; fileRef = 76C4C7BE25154FE700788E98 /* Reachability.swift */; };
		76C8EC922513FD21008CB27A /* AppDelegate.swift in Sources */ = {isa = PBXBuildFile; fileRef = 76C8EC912513FD21008CB27A /* AppDelegate.swift */; };
		76C8EC942513FD21008CB27A /* SceneDelegate.swift in Sources */ = {isa = PBXBuildFile; fileRef = 76C8EC932513FD21008CB27A /* SceneDelegate.swift */; };
		76C8EC992513FD21008CB27A /* Main.storyboard in Resources */ = {isa = PBXBuildFile; fileRef = 76C8EC972513FD21008CB27A /* Main.storyboard */; };
		76C8EC9B2513FD23008CB27A /* Assets.xcassets in Resources */ = {isa = PBXBuildFile; fileRef = 76C8EC9A2513FD23008CB27A /* Assets.xcassets */; };
		76C8EC9E2513FD23008CB27A /* LaunchScreen.storyboard in Resources */ = {isa = PBXBuildFile; fileRef = 76C8EC9C2513FD23008CB27A /* LaunchScreen.storyboard */; };
		76C8ECB2251401EC008CB27A /* Poppins-Regular.ttf in Resources */ = {isa = PBXBuildFile; fileRef = 76C8ECB0251401EC008CB27A /* Poppins-Regular.ttf */; };
		76C8ECB3251401EC008CB27A /* Poppins-Medium.ttf in Resources */ = {isa = PBXBuildFile; fileRef = 76C8ECB1251401EC008CB27A /* Poppins-Medium.ttf */; };
		76C8ECB625140257008CB27A /* HomeViewController.swift in Sources */ = {isa = PBXBuildFile; fileRef = 76C8ECB425140257008CB27A /* HomeViewController.swift */; };
		76C8ECB725140257008CB27A /* HomeViewController.xib in Resources */ = {isa = PBXBuildFile; fileRef = 76C8ECB525140257008CB27A /* HomeViewController.xib */; };
		76FF32CB2515602400EB57FE /* DetailsViewController.swift in Sources */ = {isa = PBXBuildFile; fileRef = 76FF32C92515602400EB57FE /* DetailsViewController.swift */; };
		76FF32CC2515602400EB57FE /* DetailsViewController.xib in Resources */ = {isa = PBXBuildFile; fileRef = 76FF32CA2515602400EB57FE /* DetailsViewController.xib */; };
		76FF32D02515606900EB57FE /* DetailsViewModel.swift in Sources */ = {isa = PBXBuildFile; fileRef = 76FF32CF2515606900EB57FE /* DetailsViewModel.swift */; };
		76FF32D32515663500EB57FE /* CircularImage.swift in Sources */ = {isa = PBXBuildFile; fileRef = 76FF32D22515663500EB57FE /* CircularImage.swift */; };
/* End PBXBuildFile section */

/* Begin PBXFileReference section */
		766B3E6E251AEA9300182301 /* ReviewsViewController.swift */ = {isa = PBXFileReference; fileEncoding = 4; lastKnownFileType = sourcecode.swift; path = ReviewsViewController.swift; sourceTree = "<group>"; };
		766B3E6F251AEA9400182301 /* ReviewsViewController.xib */ = {isa = PBXFileReference; fileEncoding = 4; lastKnownFileType = file.xib; path = ReviewsViewController.xib; sourceTree = "<group>"; };
		7678F1D2251481A600A1D9B2 /* SuppliersApiHandler.swift */ = {isa = PBXFileReference; lastKnownFileType = sourcecode.swift; name = SuppliersApiHandler.swift; path = ../../../../../../esma/Desktop/PROJECTS/EziParts_Task/EziParts_Task/Network/SuppliersApiHandler.swift; sourceTree = "<group>"; };
		7678F1D4251482E000A1D9B2 /* SuppliersModel.swift */ = {isa = PBXFileReference; lastKnownFileType = sourcecode.swift; name = SuppliersModel.swift; path = ../../../../../../esma/Desktop/PROJECTS/EziParts_Task/EziParts_Task/Model/SuppliersModel.swift; sourceTree = "<group>"; };
		7678F1D62514890D00A1D9B2 /* HomeViewModel.swift */ = {isa = PBXFileReference; lastKnownFileType = sourcecode.swift; path = HomeViewModel.swift; sourceTree = "<group>"; };
		7678F1D92514921200A1D9B2 /* EmptyTableView.swift */ = {isa = PBXFileReference; lastKnownFileType = sourcecode.swift; path = EmptyTableView.swift; sourceTree = "<group>"; };
		767F8E6325144D8E001AF6A1 /* ShadowedButton.swift */ = {isa = PBXFileReference; lastKnownFileType = sourcecode.swift; name = ShadowedButton.swift; path = ../../../../../../../esma/Desktop/PROJECTS/EziParts_Task/EziParts_Task/View/CustomViews/ShadowedButton.swift; sourceTree = "<group>"; };
		767F8E6525145437001AF6A1 /* ShadowedView.swift */ = {isa = PBXFileReference; lastKnownFileType = sourcecode.swift; name = ShadowedView.swift; path = ../../../../../../../esma/Desktop/PROJECTS/EziParts_Task/EziParts_Task/View/CustomViews/ShadowedView.swift; sourceTree = "<group>"; };
		76B4FB332515725A000EEE4F /* SupplierDetailsApiHandler.swift */ = {isa = PBXFileReference; lastKnownFileType = sourcecode.swift; name = SupplierDetailsApiHandler.swift; path = ../../../../../../esma/Desktop/PROJECTS/EziParts_Task/EziParts_Task/Network/SupplierDetailsApiHandler.swift; sourceTree = "<group>"; };
		76B4FB352515732E000EEE4F /* SupplierDetailsModel.swift */ = {isa = PBXFileReference; lastKnownFileType = sourcecode.swift; name = SupplierDetailsModel.swift; path = ../../../../../../esma/Desktop/PROJECTS/EziParts_Task/EziParts_Task/Model/SupplierDetailsModel.swift; sourceTree = "<group>"; };
		76B4FB37251577E3000EEE4F /* InfoViewController.swift */ = {isa = PBXFileReference; lastKnownFileType = sourcecode.swift; path = InfoViewController.swift; sourceTree = "<group>"; };
		76B4FB38251577E3000EEE4F /* InfoViewController.xib */ = {isa = PBXFileReference; lastKnownFileType = file.xib; path = InfoViewController.xib; sourceTree = "<group>"; };
		76B4FB4225158648000EEE4F /* ReviewCell.swift */ = {isa = PBXFileReference; lastKnownFileType = sourcecode.swift; name = ReviewCell.swift; path = "../../../../../../../../esma/Desktop/PROJECTS/EziParts_Task/EziParts_Task/View/Details View/ReviewsViewController/ReviewCell.swift"; sourceTree = "<group>"; };
		76B4FB4325158648000EEE4F /* ReviewCell.xib */ = {isa = PBXFileReference; lastKnownFileType = file.xib; name = ReviewCell.xib; path = "../../../../../../../../esma/Desktop/PROJECTS/EziParts_Task/EziParts_Task/View/Details View/ReviewsViewController/ReviewCell.xib"; sourceTree = "<group>"; };
		76B6FF4825145DCB00BFEACD /* HomeCell.swift */ = {isa = PBXFileReference; lastKnownFileType = sourcecode.swift; name = HomeCell.swift; path = "../../../../../../../esma/Desktop/PROJECTS/EziParts_Task/EziParts_Task/View/Home View/HomeCell.swift"; sourceTree = "<group>"; };
		76B6FF4925145DCB00BFEACD /* HomeCell.xib */ = {isa = PBXFileReference; lastKnownFileType = file.xib; name = HomeCell.xib; path = "../../../../../../../esma/Desktop/PROJECTS/EziParts_Task/EziParts_Task/View/Home View/HomeCell.xib"; sourceTree = "<group>"; };
		76C4C7B82515442B00788E98 /* Helping Methods.swift */ = {isa = PBXFileReference; lastKnownFileType = sourcecode.swift; name = "Helping Methods.swift"; path = "../../../../../../esma/Desktop/PROJECTS/EziParts_Task/EziParts_Task/Helper/Helping Methods.swift"; sourceTree = "<group>"; };
		76C4C7BA251546F600788E98 /* searchCategoryButton.swift */ = {isa = PBXFileReference; lastKnownFileType = sourcecode.swift; name = searchCategoryButton.swift; path = ../../../../../../../esma/Desktop/PROJECTS/EziParts_Task/EziParts_Task/View/CustomViews/searchCategoryButton.swift; sourceTree = "<group>"; };
		76C4C7BC25154C9A00788E98 /* Constants.swift */ = {isa = PBXFileReference; lastKnownFileType = sourcecode.swift; name = Constants.swift; path = ../../../../../../esma/Desktop/PROJECTS/EziParts_Task/EziParts_Task/Helper/Constants.swift; sourceTree = "<group>"; };
		76C4C7BE25154FE700788E98 /* Reachability.swift */ = {isa = PBXFileReference; fileEncoding = 4; lastKnownFileType = sourcecode.swift; path = Reachability.swift; sourceTree = "<group>"; };
		76C8EC8E2513FD21008CB27A /* EziParts.app */ = {isa = PBXFileReference; explicitFileType = wrapper.application; includeInIndex = 0; path = EziParts.app; sourceTree = BUILT_PRODUCTS_DIR; };
		76C8EC912513FD21008CB27A /* AppDelegate.swift */ = {isa = PBXFileReference; lastKnownFileType = sourcecode.swift; path = AppDelegate.swift; sourceTree = "<group>"; };
		76C8EC932513FD21008CB27A /* SceneDelegate.swift */ = {isa = PBXFileReference; lastKnownFileType = sourcecode.swift; path = SceneDelegate.swift; sourceTree = "<group>"; };
		76C8EC982513FD21008CB27A /* Base */ = {isa = PBXFileReference; lastKnownFileType = file.storyboard; name = Base; path = Base.lproj/Main.storyboard; sourceTree = "<group>"; };
		76C8EC9A2513FD23008CB27A /* Assets.xcassets */ = {isa = PBXFileReference; lastKnownFileType = folder.assetcatalog; path = Assets.xcassets; sourceTree = "<group>"; };
		76C8EC9D2513FD23008CB27A /* Base */ = {isa = PBXFileReference; lastKnownFileType = file.storyboard; name = Base; path = Base.lproj/LaunchScreen.storyboard; sourceTree = "<group>"; };
		76C8EC9F2513FD23008CB27A /* Info.plist */ = {isa = PBXFileReference; lastKnownFileType = text.plist.xml; path = Info.plist; sourceTree = "<group>"; };
		76C8ECB0251401EC008CB27A /* Poppins-Regular.ttf */ = {isa = PBXFileReference; lastKnownFileType = file; path = "Poppins-Regular.ttf"; sourceTree = "<group>"; };
		76C8ECB1251401EC008CB27A /* Poppins-Medium.ttf */ = {isa = PBXFileReference; lastKnownFileType = file; path = "Poppins-Medium.ttf"; sourceTree = "<group>"; };
		76C8ECB425140257008CB27A /* HomeViewController.swift */ = {isa = PBXFileReference; lastKnownFileType = sourcecode.swift; path = HomeViewController.swift; sourceTree = "<group>"; };
		76C8ECB525140257008CB27A /* HomeViewController.xib */ = {isa = PBXFileReference; lastKnownFileType = file.xib; path = HomeViewController.xib; sourceTree = "<group>"; };
		76FF32C92515602400EB57FE /* DetailsViewController.swift */ = {isa = PBXFileReference; lastKnownFileType = sourcecode.swift; path = DetailsViewController.swift; sourceTree = "<group>"; };
		76FF32CA2515602400EB57FE /* DetailsViewController.xib */ = {isa = PBXFileReference; lastKnownFileType = file.xib; path = DetailsViewController.xib; sourceTree = "<group>"; };
		76FF32CF2515606900EB57FE /* DetailsViewModel.swift */ = {isa = PBXFileReference; lastKnownFileType = sourcecode.swift; name = DetailsViewModel.swift; path = ../../../../../../../esma/Desktop/PROJECTS/EziParts_Task/EziParts_Task/ViewModel/DetailsViewModel/DetailsViewModel.swift; sourceTree = "<group>"; };
		76FF32D22515663500EB57FE /* CircularImage.swift */ = {isa = PBXFileReference; lastKnownFileType = sourcecode.swift; name = CircularImage.swift; path = ../../../../../../../esma/Desktop/PROJECTS/EziParts_Task/EziParts_Task/View/CustomViews/CircularImage.swift; sourceTree = "<group>"; };
		AA7BB5934F978334745E53DB /* Pods_EziParts_Task.framework */ = {isa = PBXFileReference; explicitFileType = wrapper.framework; includeInIndex = 0; path = Pods_EziParts_Task.framework; sourceTree = BUILT_PRODUCTS_DIR; };
		E046475FD71BDF0103253143 /* Pods-EziParts_Task.release.xcconfig */ = {isa = PBXFileReference; includeInIndex = 1; lastKnownFileType = text.xcconfig; name = "Pods-EziParts_Task.release.xcconfig"; path = "Target Support Files/Pods-EziParts_Task/Pods-EziParts_Task.release.xcconfig"; sourceTree = "<group>"; };
		FC5E4AE158C8411984691769 /* Pods-EziParts_Task.debug.xcconfig */ = {isa = PBXFileReference; includeInIndex = 1; lastKnownFileType = text.xcconfig; name = "Pods-EziParts_Task.debug.xcconfig"; path = "Target Support Files/Pods-EziParts_Task/Pods-EziParts_Task.debug.xcconfig"; sourceTree = "<group>"; };
/* End PBXFileReference section */

/* Begin PBXFrameworksBuildPhase section */
		76C8EC8B2513FD21008CB27A /* Frameworks */ = {
			isa = PBXFrameworksBuildPhase;
			buildActionMask = 2147483647;
			files = (
				1A002C2FFA9DFB12F8B8D51F /* Pods_EziParts_Task.framework in Frameworks */,
			);
			runOnlyForDeploymentPostprocessing = 0;
		};
/* End PBXFrameworksBuildPhase section */

/* Begin PBXGroup section */
		766B3E72251B030500182301 /* Extensions */ = {
			isa = PBXGroup;
			children = (
				7678F1D92514921200A1D9B2 /* EmptyTableView.swift */,
			);
			path = Extensions;
			sourceTree = "<group>";
		};
		7678F1D82514920100A1D9B2 /* Helper */ = {
			isa = PBXGroup;
			children = (
				766B3E72251B030500182301 /* Extensions */,
				76C4C7B82515442B00788E98 /* Helping Methods.swift */,
				76C4C7BC25154C9A00788E98 /* Constants.swift */,
			);
			path = Helper;
			sourceTree = "<group>";
		};
		76B4FB3E251585F9000EEE4F /* DetailsViewController */ = {
			isa = PBXGroup;
			children = (
				76FF32C92515602400EB57FE /* DetailsViewController.swift */,
				76FF32CA2515602400EB57FE /* DetailsViewController.xib */,
			);
			path = DetailsViewController;
			sourceTree = "<group>";
		};
		76B4FB402515860A000EEE4F /* InfoViewController */ = {
			isa = PBXGroup;
			children = (
				76B4FB37251577E3000EEE4F /* InfoViewController.swift */,
				76B4FB38251577E3000EEE4F /* InfoViewController.xib */,
			);
			path = InfoViewController;
			sourceTree = "<group>";
		};
		76B4FB4125158622000EEE4F /* ReviewsViewController */ = {
			isa = PBXGroup;
			children = (
				766B3E6E251AEA9300182301 /* ReviewsViewController.swift */,
				766B3E6F251AEA9400182301 /* ReviewsViewController.xib */,
				76B4FB4225158648000EEE4F /* ReviewCell.swift */,
				76B4FB4325158648000EEE4F /* ReviewCell.xib */,
			);
			path = ReviewsViewController;
			sourceTree = "<group>";
		};
		76C8EC852513FD21008CB27A = {
			isa = PBXGroup;
			children = (
				76C8EC902513FD21008CB27A /* EziParts_Task */,
				76C8EC8F2513FD21008CB27A /* Products */,
				CC09840720DE831CB3C2F835 /* Pods */,
				88B8F7BC8F7E5498F9369BD5 /* Frameworks */,
			);
			sourceTree = "<group>";
		};
		76C8EC8F2513FD21008CB27A /* Products */ = {
			isa = PBXGroup;
			children = (
				76C8EC8E2513FD21008CB27A /* EziParts.app */,
			);
			name = Products;
			sourceTree = "<group>";
		};
		76C8EC902513FD21008CB27A /* EziParts_Task */ = {
			isa = PBXGroup;
			children = (
				76C8ECAA25140030008CB27A /* Model */,
				76C8ECA725140016008CB27A /* View */,
				76C8ECA82514001F008CB27A /* ViewModel */,
				76C8ECA925140027008CB27A /* Network */,
				7678F1D82514920100A1D9B2 /* Helper */,
				76C8ECA52513FDE1008CB27A /* Supporting Files */,
				76C8EC9F2513FD23008CB27A /* Info.plist */,
			);
			path = EziParts_Task;
			sourceTree = "<group>";
		};
		76C8ECA52513FDE1008CB27A /* Supporting Files */ = {
			isa = PBXGroup;
			children = (
				76C8ECAF2514015B008CB27A /* Fonts */,
				76C8EC912513FD21008CB27A /* AppDelegate.swift */,
				76C8EC932513FD21008CB27A /* SceneDelegate.swift */,
				76C8EC972513FD21008CB27A /* Main.storyboard */,
				76C8EC9A2513FD23008CB27A /* Assets.xcassets */,
				76C8EC9C2513FD23008CB27A /* LaunchScreen.storyboard */,
			);
			path = "Supporting Files";
			sourceTree = "<group>";
		};
		76C8ECA725140016008CB27A /* View */ = {
			isa = PBXGroup;
			children = (
				76C8ECB9251405EA008CB27A /* CustomViews */,
				76C8ECB82514025E008CB27A /* Home View */,
				76FF32C825155FCE00EB57FE /* Details View */,
			);
			path = View;
			sourceTree = "<group>";
		};
		76C8ECA82514001F008CB27A /* ViewModel */ = {
			isa = PBXGroup;
			children = (
				76FF32CD2515603100EB57FE /* HomeViewModel */,
				76FF32CE2515603E00EB57FE /* DetailsViewModel */,
			);
			path = ViewModel;
			sourceTree = "<group>";
		};
		76C8ECA925140027008CB27A /* Network */ = {
			isa = PBXGroup;
			children = (
				7678F1D2251481A600A1D9B2 /* SuppliersApiHandler.swift */,
				76B4FB332515725A000EEE4F /* SupplierDetailsApiHandler.swift */,
				76C4C7BE25154FE700788E98 /* Reachability.swift */,
			);
			path = Network;
			sourceTree = "<group>";
		};
		76C8ECAA25140030008CB27A /* Model */ = {
			isa = PBXGroup;
			children = (
				7678F1D4251482E000A1D9B2 /* SuppliersModel.swift */,
				76B4FB352515732E000EEE4F /* SupplierDetailsModel.swift */,
			);
			path = Model;
			sourceTree = "<group>";
		};
		76C8ECAF2514015B008CB27A /* Fonts */ = {
			isa = PBXGroup;
			children = (
				76C8ECB1251401EC008CB27A /* Poppins-Medium.ttf */,
				76C8ECB0251401EC008CB27A /* Poppins-Regular.ttf */,
			);
			path = Fonts;
			sourceTree = "<group>";
		};
		76C8ECB82514025E008CB27A /* Home View */ = {
			isa = PBXGroup;
			children = (
				76C8ECB425140257008CB27A /* HomeViewController.swift */,
				76C8ECB525140257008CB27A /* HomeViewController.xib */,
				76B6FF4825145DCB00BFEACD /* HomeCell.swift */,
				76B6FF4925145DCB00BFEACD /* HomeCell.xib */,
			);
			path = "Home View";
			sourceTree = "<group>";
		};
		76C8ECB9251405EA008CB27A /* CustomViews */ = {
			isa = PBXGroup;
			children = (
				767F8E6325144D8E001AF6A1 /* ShadowedButton.swift */,
				767F8E6525145437001AF6A1 /* ShadowedView.swift */,
				76C4C7BA251546F600788E98 /* searchCategoryButton.swift */,
				76FF32D22515663500EB57FE /* CircularImage.swift */,
			);
			path = CustomViews;
			sourceTree = "<group>";
		};
		76FF32C825155FCE00EB57FE /* Details View */ = {
			isa = PBXGroup;
			children = (
				76B4FB3E251585F9000EEE4F /* DetailsViewController */,
				76B4FB402515860A000EEE4F /* InfoViewController */,
				76B4FB4125158622000EEE4F /* ReviewsViewController */,
			);
			path = "Details View";
			sourceTree = "<group>";
		};
		76FF32CD2515603100EB57FE /* HomeViewModel */ = {
			isa = PBXGroup;
			children = (
				7678F1D62514890D00A1D9B2 /* HomeViewModel.swift */,
			);
			path = HomeViewModel;
			sourceTree = "<group>";
		};
		76FF32CE2515603E00EB57FE /* DetailsViewModel */ = {
			isa = PBXGroup;
			children = (
				76FF32CF2515606900EB57FE /* DetailsViewModel.swift */,
			);
			path = DetailsViewModel;
			sourceTree = "<group>";
		};
		88B8F7BC8F7E5498F9369BD5 /* Frameworks */ = {
			isa = PBXGroup;
			children = (
				AA7BB5934F978334745E53DB /* Pods_EziParts_Task.framework */,
			);
			name = Frameworks;
			sourceTree = "<group>";
		};
		CC09840720DE831CB3C2F835 /* Pods */ = {
			isa = PBXGroup;
			children = (
				FC5E4AE158C8411984691769 /* Pods-EziParts_Task.debug.xcconfig */,
				E046475FD71BDF0103253143 /* Pods-EziParts_Task.release.xcconfig */,
			);
			path = Pods;
			sourceTree = "<group>";
		};
/* End PBXGroup section */

/* Begin PBXNativeTarget section */
		76C8EC8D2513FD21008CB27A /* EziParts_Task */ = {
			isa = PBXNativeTarget;
			buildConfigurationList = 76C8ECA22513FD23008CB27A /* Build configuration list for PBXNativeTarget "EziParts_Task" */;
			buildPhases = (
				75EC9ADC7B9E3194E0BF2066 /* [CP] Check Pods Manifest.lock */,
				76C8EC8A2513FD21008CB27A /* Sources */,
				76C8EC8B2513FD21008CB27A /* Frameworks */,
				76C8EC8C2513FD21008CB27A /* Resources */,
				2C883DE4574C32634E2654D7 /* [CP] Embed Pods Frameworks */,
			);
			buildRules = (
			);
			dependencies = (
			);
			name = EziParts_Task;
			productName = EziParts_Task;
			productReference = 76C8EC8E2513FD21008CB27A /* EziParts.app */;
			productType = "com.apple.product-type.application";
		};
/* End PBXNativeTarget section */

/* Begin PBXProject section */
		76C8EC862513FD21008CB27A /* Project object */ = {
			isa = PBXProject;
			attributes = {
				LastSwiftUpdateCheck = 1170;
				LastUpgradeCheck = 1170;
				ORGANIZATIONNAME = Esma;
				TargetAttributes = {
					76C8EC8D2513FD21008CB27A = {
						CreatedOnToolsVersion = 11.7;
					};
				};
			};
			buildConfigurationList = 76C8EC892513FD21008CB27A /* Build configuration list for PBXProject "EziParts_Task" */;
			compatibilityVersion = "Xcode 9.3";
			developmentRegion = en;
			hasScannedForEncodings = 0;
			knownRegions = (
				en,
				Base,
			);
			mainGroup = 76C8EC852513FD21008CB27A;
			productRefGroup = 76C8EC8F2513FD21008CB27A /* Products */;
			projectDirPath = "";
			projectRoot = "";
			targets = (
				76C8EC8D2513FD21008CB27A /* EziParts_Task */,
			);
		};
/* End PBXProject section */

/* Begin PBXResourcesBuildPhase section */
		76C8EC8C2513FD21008CB27A /* Resources */ = {
			isa = PBXResourcesBuildPhase;
			buildActionMask = 2147483647;
			files = (
				76B6FF4B25145DCB00BFEACD /* HomeCell.xib in Resources */,
				766B3E71251AEA9400182301 /* ReviewsViewController.xib in Resources */,
				76B4FB4525158648000EEE4F /* ReviewCell.xib in Resources */,
				76B4FB3A251577E3000EEE4F /* InfoViewController.xib in Resources */,
				76C8EC9E2513FD23008CB27A /* LaunchScreen.storyboard in Resources */,
				76C8EC9B2513FD23008CB27A /* Assets.xcassets in Resources */,
				76C8EC992513FD21008CB27A /* Main.storyboard in Resources */,
				76C8ECB3251401EC008CB27A /* Poppins-Medium.ttf in Resources */,
				76C8ECB2251401EC008CB27A /* Poppins-Regular.ttf in Resources */,
				76C8ECB725140257008CB27A /* HomeViewController.xib in Resources */,
				76FF32CC2515602400EB57FE /* DetailsViewController.xib in Resources */,
			);
			runOnlyForDeploymentPostprocessing = 0;
		};
/* End PBXResourcesBuildPhase section */

/* Begin PBXShellScriptBuildPhase section */
		2C883DE4574C32634E2654D7 /* [CP] Embed Pods Frameworks */ = {
			isa = PBXShellScriptBuildPhase;
			buildActionMask = 2147483647;
			files = (
			);
			inputFileListPaths = (
				"${PODS_ROOT}/Target Support Files/Pods-EziParts_Task/Pods-EziParts_Task-frameworks-${CONFIGURATION}-input-files.xcfilelist",
			);
			name = "[CP] Embed Pods Frameworks";
			outputFileListPaths = (
				"${PODS_ROOT}/Target Support Files/Pods-EziParts_Task/Pods-EziParts_Task-frameworks-${CONFIGURATION}-output-files.xcfilelist",
			);
			runOnlyForDeploymentPostprocessing = 0;
			shellPath = /bin/sh;
			shellScript = "\"${PODS_ROOT}/Target Support Files/Pods-EziParts_Task/Pods-EziParts_Task-frameworks.sh\"\n";
			showEnvVarsInLog = 0;
		};
		75EC9ADC7B9E3194E0BF2066 /* [CP] Check Pods Manifest.lock */ = {
			isa = PBXShellScriptBuildPhase;
			buildActionMask = 2147483647;
			files = (
			);
			inputFileListPaths = (
			);
			inputPaths = (
				"${PODS_PODFILE_DIR_PATH}/Podfile.lock",
				"${PODS_ROOT}/Manifest.lock",
			);
			name = "[CP] Check Pods Manifest.lock";
			outputFileListPaths = (
			);
			outputPaths = (
				"$(DERIVED_FILE_DIR)/Pods-EziParts_Task-checkManifestLockResult.txt",
			);
			runOnlyForDeploymentPostprocessing = 0;
			shellPath = /bin/sh;
			shellScript = "diff \"${PODS_PODFILE_DIR_PATH}/Podfile.lock\" \"${PODS_ROOT}/Manifest.lock\" > /dev/null\nif [ $? != 0 ] ; then\n    # print error to STDERR\n    echo \"error: The sandbox is not in sync with the Podfile.lock. Run 'pod install' or update your CocoaPods installation.\" >&2\n    exit 1\nfi\n# This output is used by Xcode 'outputs' to avoid re-running this script phase.\necho \"SUCCESS\" > \"${SCRIPT_OUTPUT_FILE_0}\"\n";
			showEnvVarsInLog = 0;
		};
/* End PBXShellScriptBuildPhase section */

/* Begin PBXSourcesBuildPhase section */
		76C8EC8A2513FD21008CB27A /* Sources */ = {
			isa = PBXSourcesBuildPhase;
			buildActionMask = 2147483647;
			files = (
				76C4C7BF25154FE700788E98 /* Reachability.swift in Sources */,
				76C8EC922513FD21008CB27A /* AppDelegate.swift in Sources */,
				7678F1D72514890D00A1D9B2 /* HomeViewModel.swift in Sources */,
				76FF32D02515606900EB57FE /* DetailsViewModel.swift in Sources */,
				76C4C7B92515442B00788E98 /* Helping Methods.swift in Sources */,
				76FF32D32515663500EB57FE /* CircularImage.swift in Sources */,
				76B4FB362515732E000EEE4F /* SupplierDetailsModel.swift in Sources */,
				76C8EC942513FD21008CB27A /* SceneDelegate.swift in Sources */,
				7678F1DA2514921200A1D9B2 /* EmptyTableView.swift in Sources */,
				76C4C7BB251546F600788E98 /* searchCategoryButton.swift in Sources */,
				767F8E6425144D8E001AF6A1 /* ShadowedButton.swift in Sources */,
				76B4FB342515725A000EEE4F /* SupplierDetailsApiHandler.swift in Sources */,
				76C4C7BD25154C9A00788E98 /* Constants.swift in Sources */,
				76C8ECB625140257008CB27A /* HomeViewController.swift in Sources */,
				76B4FB39251577E3000EEE4F /* InfoViewController.swift in Sources */,
				76B6FF4A25145DCB00BFEACD /* HomeCell.swift in Sources */,
				767F8E6625145437001AF6A1 /* ShadowedView.swift in Sources */,
				7678F1D3251481A600A1D9B2 /* SuppliersApiHandler.swift in Sources */,
				766B3E70251AEA9400182301 /* ReviewsViewController.swift in Sources */,
				7678F1D5251482E000A1D9B2 /* SuppliersModel.swift in Sources */,
				76FF32CB2515602400EB57FE /* DetailsViewController.swift in Sources */,
				76B4FB4425158648000EEE4F /* ReviewCell.swift in Sources */,
			);
			runOnlyForDeploymentPostprocessing = 0;
		};
/* End PBXSourcesBuildPhase section */

/* Begin PBXVariantGroup section */
		76C8EC972513FD21008CB27A /* Main.storyboard */ = {
			isa = PBXVariantGroup;
			children = (
				76C8EC982513FD21008CB27A /* Base */,
			);
			name = Main.storyboard;
			sourceTree = "<group>";
		};
		76C8EC9C2513FD23008CB27A /* LaunchScreen.storyboard */ = {
			isa = PBXVariantGroup;
			children = (
				76C8EC9D2513FD23008CB27A /* Base */,
			);
			name = LaunchScreen.storyboard;
			sourceTree = "<group>";
		};
/* End PBXVariantGroup section */

/* Begin XCBuildConfiguration section */
		76C8ECA02513FD23008CB27A /* Debug */ = {
			isa = XCBuildConfiguration;
			buildSettings = {
				ALWAYS_SEARCH_USER_PATHS = NO;
				CLANG_ANALYZER_NONNULL = YES;
				CLANG_ANALYZER_NUMBER_OBJECT_CONVERSION = YES_AGGRESSIVE;
				CLANG_CXX_LANGUAGE_STANDARD = "gnu++14";
				CLANG_CXX_LIBRARY = "libc++";
				CLANG_ENABLE_MODULES = YES;
				CLANG_ENABLE_OBJC_ARC = YES;
				CLANG_ENABLE_OBJC_WEAK = YES;
				CLANG_WARN_BLOCK_CAPTURE_AUTORELEASING = YES;
				CLANG_WARN_BOOL_CONVERSION = YES;
				CLANG_WARN_COMMA = YES;
				CLANG_WARN_CONSTANT_CONVERSION = YES;
				CLANG_WARN_DEPRECATED_OBJC_IMPLEMENTATIONS = YES;
				CLANG_WARN_DIRECT_OBJC_ISA_USAGE = YES_ERROR;
				CLANG_WARN_DOCUMENTATION_COMMENTS = YES;
				CLANG_WARN_EMPTY_BODY = YES;
				CLANG_WARN_ENUM_CONVERSION = YES;
				CLANG_WARN_INFINITE_RECURSION = YES;
				CLANG_WARN_INT_CONVERSION = YES;
				CLANG_WARN_NON_LITERAL_NULL_CONVERSION = YES;
				CLANG_WARN_OBJC_IMPLICIT_RETAIN_SELF = YES;
				CLANG_WARN_OBJC_LITERAL_CONVERSION = YES;
				CLANG_WARN_OBJC_ROOT_CLASS = YES_ERROR;
				CLANG_WARN_RANGE_LOOP_ANALYSIS = YES;
				CLANG_WARN_STRICT_PROTOTYPES = YES;
				CLANG_WARN_SUSPICIOUS_MOVE = YES;
				CLANG_WARN_UNGUARDED_AVAILABILITY = YES_AGGRESSIVE;
				CLANG_WARN_UNREACHABLE_CODE = YES;
				CLANG_WARN__DUPLICATE_METHOD_MATCH = YES;
				COPY_PHASE_STRIP = NO;
				DEBUG_INFORMATION_FORMAT = dwarf;
				ENABLE_STRICT_OBJC_MSGSEND = YES;
				ENABLE_TESTABILITY = YES;
				GCC_C_LANGUAGE_STANDARD = gnu11;
				GCC_DYNAMIC_NO_PIC = NO;
				GCC_NO_COMMON_BLOCKS = YES;
				GCC_OPTIMIZATION_LEVEL = 0;
				GCC_PREPROCESSOR_DEFINITIONS = (
					"DEBUG=1",
					"$(inherited)",
				);
				GCC_WARN_64_TO_32_BIT_CONVERSION = YES;
				GCC_WARN_ABOUT_RETURN_TYPE = YES_ERROR;
				GCC_WARN_UNDECLARED_SELECTOR = YES;
				GCC_WARN_UNINITIALIZED_AUTOS = YES_AGGRESSIVE;
				GCC_WARN_UNUSED_FUNCTION = YES;
				GCC_WARN_UNUSED_VARIABLE = YES;
				IPHONEOS_DEPLOYMENT_TARGET = 12.4;
				MTL_ENABLE_DEBUG_INFO = INCLUDE_SOURCE;
				MTL_FAST_MATH = YES;
				ONLY_ACTIVE_ARCH = YES;
				SDKROOT = iphoneos;
				SWIFT_ACTIVE_COMPILATION_CONDITIONS = DEBUG;
				SWIFT_OPTIMIZATION_LEVEL = "-Onone";
			};
			name = Debug;
		};
		76C8ECA12513FD23008CB27A /* Release */ = {
			isa = XCBuildConfiguration;
			buildSettings = {
				ALWAYS_SEARCH_USER_PATHS = NO;
				CLANG_ANALYZER_NONNULL = YES;
				CLANG_ANALYZER_NUMBER_OBJECT_CONVERSION = YES_AGGRESSIVE;
				CLANG_CXX_LANGUAGE_STANDARD = "gnu++14";
				CLANG_CXX_LIBRARY = "libc++";
				CLANG_ENABLE_MODULES = YES;
				CLANG_ENABLE_OBJC_ARC = YES;
				CLANG_ENABLE_OBJC_WEAK = YES;
				CLANG_WARN_BLOCK_CAPTURE_AUTORELEASING = YES;
				CLANG_WARN_BOOL_CONVERSION = YES;
				CLANG_WARN_COMMA = YES;
				CLANG_WARN_CONSTANT_CONVERSION = YES;
				CLANG_WARN_DEPRECATED_OBJC_IMPLEMENTATIONS = YES;
				CLANG_WARN_DIRECT_OBJC_ISA_USAGE = YES_ERROR;
				CLANG_WARN_DOCUMENTATION_COMMENTS = YES;
				CLANG_WARN_EMPTY_BODY = YES;
				CLANG_WARN_ENUM_CONVERSION = YES;
				CLANG_WARN_INFINITE_RECURSION = YES;
				CLANG_WARN_INT_CONVERSION = YES;
				CLANG_WARN_NON_LITERAL_NULL_CONVERSION = YES;
				CLANG_WARN_OBJC_IMPLICIT_RETAIN_SELF = YES;
				CLANG_WARN_OBJC_LITERAL_CONVERSION = YES;
				CLANG_WARN_OBJC_ROOT_CLASS = YES_ERROR;
				CLANG_WARN_RANGE_LOOP_ANALYSIS = YES;
				CLANG_WARN_STRICT_PROTOTYPES = YES;
				CLANG_WARN_SUSPICIOUS_MOVE = YES;
				CLANG_WARN_UNGUARDED_AVAILABILITY = YES_AGGRESSIVE;
				CLANG_WARN_UNREACHABLE_CODE = YES;
				CLANG_WARN__DUPLICATE_METHOD_MATCH = YES;
				COPY_PHASE_STRIP = NO;
				DEBUG_INFORMATION_FORMAT = "dwarf-with-dsym";
				ENABLE_NS_ASSERTIONS = NO;
				ENABLE_STRICT_OBJC_MSGSEND = YES;
				GCC_C_LANGUAGE_STANDARD = gnu11;
				GCC_NO_COMMON_BLOCKS = YES;
				GCC_WARN_64_TO_32_BIT_CONVERSION = YES;
				GCC_WARN_ABOUT_RETURN_TYPE = YES_ERROR;
				GCC_WARN_UNDECLARED_SELECTOR = YES;
				GCC_WARN_UNINITIALIZED_AUTOS = YES_AGGRESSIVE;
				GCC_WARN_UNUSED_FUNCTION = YES;
				GCC_WARN_UNUSED_VARIABLE = YES;
				IPHONEOS_DEPLOYMENT_TARGET = 12.4;
				MTL_ENABLE_DEBUG_INFO = NO;
				MTL_FAST_MATH = YES;
				SDKROOT = iphoneos;
				SWIFT_COMPILATION_MODE = wholemodule;
				SWIFT_OPTIMIZATION_LEVEL = "-O";
				VALIDATE_PRODUCT = YES;
			};
			name = Release;
		};
		76C8ECA32513FD23008CB27A /* Debug */ = {
			isa = XCBuildConfiguration;
			baseConfigurationReference = FC5E4AE158C8411984691769 /* Pods-EziParts_Task.debug.xcconfig */;
			buildSettings = {
				ASSETCATALOG_COMPILER_APPICON_NAME = AppIcon;
				CODE_SIGN_STYLE = Automatic;
				DEVELOPMENT_TEAM = QVCZFS2TP2;
				INFOPLIST_FILE = EziParts_Task/Info.plist;
				LD_RUNPATH_SEARCH_PATHS = (
					"$(inherited)",
					"@executable_path/Frameworks",
				);
				PRODUCT_BUNDLE_IDENTIFIER = "esma.EziParts-Task";
				PRODUCT_NAME = EziParts;
				SWIFT_VERSION = 5.0;
				TARGETED_DEVICE_FAMILY = 1;
			};
			name = Debug;
		};
		76C8ECA42513FD23008CB27A /* Release */ = {
			isa = XCBuildConfiguration;
			baseConfigurationReference = E046475FD71BDF0103253143 /* Pods-EziParts_Task.release.xcconfig */;
			buildSettings = {
				ASSETCATALOG_COMPILER_APPICON_NAME = AppIcon;
				CODE_SIGN_STYLE = Automatic;
				DEVELOPMENT_TEAM = QVCZFS2TP2;
				INFOPLIST_FILE = EziParts_Task/Info.plist;
				LD_RUNPATH_SEARCH_PATHS = (
					"$(inherited)",
					"@executable_path/Frameworks",
				);
				PRODUCT_BUNDLE_IDENTIFIER = "esma.EziParts-Task";
				PRODUCT_NAME = EziParts;
				SWIFT_VERSION = 5.0;
				TARGETED_DEVICE_FAMILY = 1;
			};
			name = Release;
		};
/* End XCBuildConfiguration section */

/* Begin XCConfigurationList section */
		76C8EC892513FD21008CB27A /* Build configuration list for PBXProject "EziParts_Task" */ = {
			isa = XCConfigurationList;
			buildConfigurations = (
				76C8ECA02513FD23008CB27A /* Debug */,
				76C8ECA12513FD23008CB27A /* Release */,
			);
			defaultConfigurationIsVisible = 0;
			defaultConfigurationName = Release;
		};
		76C8ECA22513FD23008CB27A /* Build configuration list for PBXNativeTarget "EziParts_Task" */ = {
			isa = XCConfigurationList;
			buildConfigurations = (
				76C8ECA32513FD23008CB27A /* Debug */,
				76C8ECA42513FD23008CB27A /* Release */,
			);
			defaultConfigurationIsVisible = 0;
			defaultConfigurationName = Release;
		};
/* End XCConfigurationList section */
	};
	rootObject = 76C8EC862513FD21008CB27A /* Project object */;
}
